
Microsoft Visual Studio Solution File, Format Version 12.00
# Visual Studio Version 16
VisualStudioVersion = 16.0.29728.190
MinimumVisualStudioVersion = 10.0.40219.1
Project("{FAE04EC0-301F-11D3-BF4B-00C04F79EFBC}") = "SudokuSolver", "SudokuSolver\SudokuSolver.csproj", "{C4A451D4-BC84-4FAB-8DAD-88DB640B849B}"
EndProject
Global
	GlobalSection(SolutionConfigurationPlatforms) = preSolution
		Debug|Any CPU = Debug|Any CPU
		Release|Any CPU = Release|Any CPU
	EndGlobalSection
	GlobalSection(ProjectConfigurationPlatforms) = postSolution
		{C4A451D4-BC84-4FAB-8DAD-88DB640B849B}.Debug|Any CPU.ActiveCfg = Debug|Any CPU
		{C4A451D4-BC84-4FAB-8DAD-88DB640B849B}.Debug|Any CPU.Build.0 = Debug|Any CPU
		{C4A451D4-BC84-4FAB-8DAD-88DB640B849B}.Release|Any CPU.ActiveCfg = Release|Any CPU
		{C4A451D4-BC84-4FAB-8DAD-88DB640B849B}.Release|Any CPU.Build.0 = Release|Any CPU
	EndGlobalSection
	GlobalSection(SolutionProperties) = preSolution
		HideSolutionNode = FALSE
	EndGlobalSection
	GlobalSection(ExtensibilityGlobals) = postSolution
		SolutionGuid = {E0008FED-175A-46C6-8C89-A8A52B5208C3}
	EndGlobalSection
EndGlobal
